{
  "version": "4",
  "specifiers": {
    "jsr:@bengineering/mulberry32@0.0.1": "0.0.1"
  },
  "jsr": {
    "@bengineering/mulberry32@0.0.1": {
      "integrity": "e856a21a0ce067c430367f2ffdb28992103fe03ab0007faa7f2a1c01c5b987e9"
    }
  },
  "workspace": {
    "dependencies": [
      "jsr:@bengineering/mulberry32@0.0.1"
    ]
  }
}